// !$*UTF8*$!
{
	archiveVersion = 1;
	classes = {
	};
	objectVersion = 77;
	objects = {

/* Begin PBXBuildFile section */
		3A4B2FD22DCE6FDF006DFDDA /* MusadoraKit in Frameworks */ = {isa = PBXBuildFile; productRef = 3A4B2FD12DCE6FDF006DFDDA /* MusadoraKit */; };
		3AC1BE732DD278C500CF3D2C /* NowPlayingKit in Frameworks */ = {isa = PBXBuildFile; productRef = 3AC1BE722DD278C500CF3D2C /* NowPlayingKit */; };
		3AD92A7E2DD39FD100CCE9E4 /* DiscordSocialKit in Frameworks */ = {isa = PBXBuildFile; productRef = 3AD92A7D2DD39FD100CCE9E4 /* DiscordSocialKit */; };
		F480CA2F2DDB9A39002493DD /* ScrobbleKit in Frameworks */ = {isa = PBXBuildFile; productRef = F480CA2E2DDB9A39002493DD /* ScrobbleKit */; };
/* End PBXBuildFile section */

/* Begin PBXContainerItemProxy section */
		3A7B0DD32DCD1C90003A9644 /* PBXContainerItemProxy */ = {
			isa = PBXContainerItemProxy;
			containerPortal = F4BE1C292DC94AD5009B622C /* Project object */;
			proxyType = 1;
			remoteGlobalIDString = 3A7B0DC12DCD1C8E003A9644;
			remoteInfo = iRPC;
		};
		3A7B0DDD2DCD1C90003A9644 /* PBXContainerItemProxy */ = {
			isa = PBXContainerItemProxy;
			containerPortal = F4BE1C292DC94AD5009B622C /* Project object */;
			proxyType = 1;
			remoteGlobalIDString = 3A7B0DC12DCD1C8E003A9644;
			remoteInfo = iRPC;
		};
/* End PBXContainerItemProxy section */

/* Begin PBXCopyFilesBuildPhase section */
		3A7B0E0D2DCD1F3C003A9644 /* Embed Frameworks */ = {
			isa = PBXCopyFilesBuildPhase;
			buildActionMask = 2147483647;
			dstPath = "";
			dstSubfolderSpec = 10;
			files = (
			);
			name = "Embed Frameworks";
			runOnlyForDeploymentPostprocessing = 0;
		};
/* End PBXCopyFilesBuildPhase section */

/* Begin PBXFileReference section */
		3A7B0DC22DCD1C8E003A9644 /* iRPC.app */ = {isa = PBXFileReference; explicitFileType = wrapper.application; includeInIndex = 0; path = iRPC.app; sourceTree = BUILT_PRODUCTS_DIR; };
		3A7B0DD22DCD1C90003A9644 /* iRPC Tests.xctest */ = {isa = PBXFileReference; explicitFileType = wrapper.cfbundle; includeInIndex = 0; path = "iRPC Tests.xctest"; sourceTree = BUILT_PRODUCTS_DIR; };
		3A7B0DDC2DCD1C90003A9644 /* iRPC UITests.xctest */ = {isa = PBXFileReference; explicitFileType = wrapper.cfbundle; includeInIndex = 0; path = "iRPC UITests.xctest"; sourceTree = BUILT_PRODUCTS_DIR; };
		F49296B12DC9520600FA24D8 /* README.md */ = {isa = PBXFileReference; lastKnownFileType = net.daringfireball.markdown; path = README.md; sourceTree = "<group>"; };
/* End PBXFileReference section */

/* Begin PBXFileSystemSynchronizedRootGroup section */
		3A7B0DC32DCD1C8E003A9644 /* iRPC */ = {
			isa = PBXFileSystemSynchronizedRootGroup;
			path = iRPC;
			sourceTree = "<group>";
		};
/* End PBXFileSystemSynchronizedRootGroup section */

/* Begin PBXFrameworksBuildPhase section */
		3A7B0DBF2DCD1C8E003A9644 /* Frameworks */ = {
			isa = PBXFrameworksBuildPhase;
			buildActionMask = 2147483647;
			files = (
				3AD92A7E2DD39FD100CCE9E4 /* DiscordSocialKit in Frameworks */,
				3A4B2FD22DCE6FDF006DFDDA /* MusadoraKit in Frameworks */,
				3AC1BE732DD278C500CF3D2C /* NowPlayingKit in Frameworks */,
				F480CA2F2DDB9A39002493DD /* ScrobbleKit in Frameworks */,
			);
			runOnlyForDeploymentPostprocessing = 0;
		};
		3A7B0DCF2DCD1C90003A9644 /* Frameworks */ = {
			isa = PBXFrameworksBuildPhase;
			buildActionMask = 2147483647;
			files = (
			);
			runOnlyForDeploymentPostprocessing = 0;
		};
		3A7B0DD92DCD1C90003A9644 /* Frameworks */ = {
			isa = PBXFrameworksBuildPhase;
			buildActionMask = 2147483647;
			files = (
			);
			runOnlyForDeploymentPostprocessing = 0;
		};
/* End PBXFrameworksBuildPhase section */

/* Begin PBXGroup section */
		F4BE1C282DC94AD5009B622C = {
			isa = PBXGroup;
			children = (
				F49296B12DC9520600FA24D8 /* README.md */,
				3A7B0DC32DCD1C8E003A9644 /* iRPC */,
				F4BE1C322DC94AD5009B622C /* Products */,
			);
			sourceTree = "<group>";
		};
		F4BE1C322DC94AD5009B622C /* Products */ = {
			isa = PBXGroup;
			children = (
				3A7B0DC22DCD1C8E003A9644 /* iRPC.app */,
				3A7B0DD22DCD1C90003A9644 /* iRPC Tests.xctest */,
				3A7B0DDC2DCD1C90003A9644 /* iRPC UITests.xctest */,
			);
			name = Products;
			sourceTree = "<group>";
		};
/* End PBXGroup section */

/* Begin PBXNativeTarget section */
		3A7B0DC12DCD1C8E003A9644 /* iRPC */ = {
			isa = PBXNativeTarget;
			buildConfigurationList = 3A7B0DEB2DCD1C90003A9644 /* Build configuration list for PBXNativeTarget "iRPC" */;
			buildPhases = (
				3A7B0DBE2DCD1C8E003A9644 /* Sources */,
				3A7B0DBF2DCD1C8E003A9644 /* Frameworks */,
				3A7B0DC02DCD1C8E003A9644 /* Resources */,
				3A7B0E0D2DCD1F3C003A9644 /* Embed Frameworks */,
			);
			buildRules = (
			);
			dependencies = (
			);
			fileSystemSynchronizedGroups = (
				3A7B0DC32DCD1C8E003A9644 /* iRPC */,
			);
			name = iRPC;
			packageProductDependencies = (
				3A4B2FD12DCE6FDF006DFDDA /* MusadoraKit */,
				3AC1BE722DD278C500CF3D2C /* NowPlayingKit */,
				3AD92A7D2DD39FD100CCE9E4 /* DiscordSocialKit */,
				F480CA2E2DDB9A39002493DD /* ScrobbleKit */,
			);
			productName = iRPC;
			productReference = 3A7B0DC22DCD1C8E003A9644 /* iRPC.app */;
			productType = "com.apple.product-type.application";
		};
		3A7B0DD12DCD1C90003A9644 /* iRPC Tests */ = {
			isa = PBXNativeTarget;
			buildConfigurationList = 3A7B0DEC2DCD1C90003A9644 /* Build configuration list for PBXNativeTarget "iRPC Tests" */;
			buildPhases = (
				3A7B0DCE2DCD1C90003A9644 /* Sources */,
				3A7B0DCF2DCD1C90003A9644 /* Frameworks */,
				3A7B0DD02DCD1C90003A9644 /* Resources */,
			);
			buildRules = (
			);
			dependencies = (
				3A7B0DD42DCD1C90003A9644 /* PBXTargetDependency */,
			);
			name = "iRPC Tests";
			packageProductDependencies = (
			);
			productName = iRPCTests;
			productReference = 3A7B0DD22DCD1C90003A9644 /* iRPC Tests.xctest */;
			productType = "com.apple.product-type.bundle.unit-test";
		};
		3A7B0DDB2DCD1C90003A9644 /* iRPC UITests */ = {
			isa = PBXNativeTarget;
			buildConfigurationList = 3A7B0DED2DCD1C90003A9644 /* Build configuration list for PBXNativeTarget "iRPC UITests" */;
			buildPhases = (
				3A7B0DD82DCD1C90003A9644 /* Sources */,
				3A7B0DD92DCD1C90003A9644 /* Frameworks */,
				3A7B0DDA2DCD1C90003A9644 /* Resources */,
			);
			buildRules = (
			);
			dependencies = (
				3A7B0DDE2DCD1C90003A9644 /* PBXTargetDependency */,
			);
			name = "iRPC UITests";
			packageProductDependencies = (
			);
			productName = iRPCUITests;
			productReference = 3A7B0DDC2DCD1C90003A9644 /* iRPC UITests.xctest */;
			productType = "com.apple.product-type.bundle.ui-testing";
		};
/* End PBXNativeTarget section */

/* Begin PBXProject section */
		F4BE1C292DC94AD5009B622C /* Project object */ = {
			isa = PBXProject;
			attributes = {
				BuildIndependentTargetsInParallel = 1;
				LastSwiftUpdateCheck = 1630;
				LastUpgradeCheck = 2610;
				TargetAttributes = {
					3A7B0DC12DCD1C8E003A9644 = {
						CreatedOnToolsVersion = 16.3;
					};
					3A7B0DD12DCD1C90003A9644 = {
						CreatedOnToolsVersion = 16.3;
						TestTargetID = 3A7B0DC12DCD1C8E003A9644;
					};
					3A7B0DDB2DCD1C90003A9644 = {
						CreatedOnToolsVersion = 16.3;
						TestTargetID = 3A7B0DC12DCD1C8E003A9644;
					};
				};
			};
			buildConfigurationList = F4BE1C2C2DC94AD5009B622C /* Build configuration list for PBXProject "iRPC" */;
			developmentRegion = en;
			hasScannedForEncodings = 0;
			knownRegions = (
				en,
				Base,
			);
			mainGroup = F4BE1C282DC94AD5009B622C;
			minimizedProjectReferenceProxies = 1;
			packageReferences = (
				F4BE1C4E2DC94B49009B622C /* XCRemoteSwiftPackageReference "LaunchAtLogin-Modern" */,
				3A4B2FD02DCE6FDF006DFDDA /* XCRemoteSwiftPackageReference "MusadoraKit" */,
				3AC1BE712DD278C500CF3D2C /* XCRemoteSwiftPackageReference "NowPlayingKit" */,
				3AD92A7C2DD39FD100CCE9E4 /* XCRemoteSwiftPackageReference "DiscordSocialKit" */,
				F480CA2D2DDB9A39002493DD /* XCRemoteSwiftPackageReference "ScrobbleKit" */,
			);
			preferredProjectObjectVersion = 77;
			productRefGroup = F4BE1C322DC94AD5009B622C /* Products */;
			projectDirPath = "";
			projectRoot = "";
			targets = (
				3A7B0DC12DCD1C8E003A9644 /* iRPC */,
				3A7B0DD12DCD1C90003A9644 /* iRPC Tests */,
				3A7B0DDB2DCD1C90003A9644 /* iRPC UITests */,
			);
		};
/* End PBXProject section */

/* Begin PBXResourcesBuildPhase section */
		3A7B0DC02DCD1C8E003A9644 /* Resources */ = {
			isa = PBXResourcesBuildPhase;
			buildActionMask = 2147483647;
			files = (
			);
			runOnlyForDeploymentPostprocessing = 0;
		};
		3A7B0DD02DCD1C90003A9644 /* Resources */ = {
			isa = PBXResourcesBuildPhase;
			buildActionMask = 2147483647;
			files = (
			);
			runOnlyForDeploymentPostprocessing = 0;
		};
		3A7B0DDA2DCD1C90003A9644 /* Resources */ = {
			isa = PBXResourcesBuildPhase;
			buildActionMask = 2147483647;
			files = (
			);
			runOnlyForDeploymentPostprocessing = 0;
		};
/* End PBXResourcesBuildPhase section */

/* Begin PBXSourcesBuildPhase section */
		3A7B0DBE2DCD1C8E003A9644 /* Sources */ = {
			isa = PBXSourcesBuildPhase;
			buildActionMask = 2147483647;
			files = (
			);
			runOnlyForDeploymentPostprocessing = 0;
		};
		3A7B0DCE2DCD1C90003A9644 /* Sources */ = {
			isa = PBXSourcesBuildPhase;
			buildActionMask = 2147483647;
			files = (
			);
			runOnlyForDeploymentPostprocessing = 0;
		};
		3A7B0DD82DCD1C90003A9644 /* Sources */ = {
			isa = PBXSourcesBuildPhase;
			buildActionMask = 2147483647;
			files = (
			);
			runOnlyForDeploymentPostprocessing = 0;
		};
/* End PBXSourcesBuildPhase section */

/* Begin PBXTargetDependency section */
		3A7B0DD42DCD1C90003A9644 /* PBXTargetDependency */ = {
			isa = PBXTargetDependency;
			target = 3A7B0DC12DCD1C8E003A9644 /* iRPC */;
			targetProxy = 3A7B0DD32DCD1C90003A9644 /* PBXContainerItemProxy */;
		};
		3A7B0DDE2DCD1C90003A9644 /* PBXTargetDependency */ = {
			isa = PBXTargetDependency;
			target = 3A7B0DC12DCD1C8E003A9644 /* iRPC */;
			targetProxy = 3A7B0DDD2DCD1C90003A9644 /* PBXContainerItemProxy */;
		};
/* End PBXTargetDependency section */

/* Begin XCBuildConfiguration section */
		3A7B0DE42DCD1C90003A9644 /* Debug */ = {
			isa = XCBuildConfiguration;
			buildSettings = {
				ASSETCATALOG_COMPILER_APPICON_NAME = "iRPC Logo";
				ASSETCATALOG_COMPILER_GLOBAL_ACCENT_COLOR_NAME = AccentColor;
				CODE_SIGN_ENTITLEMENTS = iRPC/iRPC.entitlements;
				CODE_SIGN_STYLE = Automatic;
				CURRENT_PROJECT_VERSION = 4;
				DEVELOPMENT_TEAM = F2VS4PRAT5;
				ENABLE_APP_SANDBOX = YES;
				ENABLE_PREVIEWS = YES;
				ENABLE_USER_SELECTED_FILES = readonly;
				GENERATE_INFOPLIST_FILE = YES;
				INFOPLIST_KEY_CFBundleDisplayName = "iRPC Mobile";
				INFOPLIST_KEY_LSApplicationCategoryType = "public.app-category.utilities";
				INFOPLIST_KEY_NSAppleMusicUsageDescription = "iRPC requires access to Apple Music to function.";
				INFOPLIST_KEY_UIApplicationSceneManifest_Generation = YES;
				INFOPLIST_KEY_UIApplicationSupportsIndirectInputEvents = YES;
				INFOPLIST_KEY_UILaunchScreen_Generation = YES;
				INFOPLIST_KEY_UIRequiresFullScreen = YES;
				INFOPLIST_KEY_UIStatusBarStyle = "";
				INFOPLIST_KEY_UISupportedInterfaceOrientations = UIInterfaceOrientationPortrait;
				IPHONEOS_DEPLOYMENT_TARGET = 18.0;
				LD_RUNPATH_SEARCH_PATHS = (
					"$(inherited)",
					"@executable_path/Frameworks",
				);
				LIBRARY_SEARCH_PATHS = "$(inherited)";
				MARKETING_VERSION = 1.0;
				OTHER_SWIFT_FLAGS = "";
				PRODUCT_BUNDLE_IDENTIFIER = dev.stabenow.ios.iRPC;
				PRODUCT_NAME = "$(TARGET_NAME)";
				SDKROOT = iphoneos;
				SWIFT_EMIT_LOC_STRINGS = YES;
				SWIFT_VERSION = 5.0;
				TARGETED_DEVICE_FAMILY = "1,2";
			};
			name = Debug;
		};
		3A7B0DE52DCD1C90003A9644 /* Release */ = {
			isa = XCBuildConfiguration;
			buildSettings = {
				ASSETCATALOG_COMPILER_APPICON_NAME = "iRPC Logo";
				ASSETCATALOG_COMPILER_GLOBAL_ACCENT_COLOR_NAME = AccentColor;
				CODE_SIGN_ENTITLEMENTS = iRPC/iRPC.entitlements;
				CODE_SIGN_STYLE = Automatic;
				CURRENT_PROJECT_VERSION = 4;
				DEVELOPMENT_TEAM = F2VS4PRAT5;
				ENABLE_APP_SANDBOX = YES;
				ENABLE_PREVIEWS = YES;
				ENABLE_USER_SELECTED_FILES = readonly;
				GENERATE_INFOPLIST_FILE = YES;
				INFOPLIST_KEY_CFBundleDisplayName = "iRPC Mobile";
				INFOPLIST_KEY_LSApplicationCategoryType = "public.app-category.utilities";
				INFOPLIST_KEY_NSAppleMusicUsageDescription = "iRPC requires access to Apple Music to function.";
				INFOPLIST_KEY_UIApplicationSceneManifest_Generation = YES;
				INFOPLIST_KEY_UIApplicationSupportsIndirectInputEvents = YES;
				INFOPLIST_KEY_UILaunchScreen_Generation = YES;
				INFOPLIST_KEY_UIRequiresFullScreen = YES;
				INFOPLIST_KEY_UIStatusBarStyle = "";
				INFOPLIST_KEY_UISupportedInterfaceOrientations = UIInterfaceOrientationPortrait;
				IPHONEOS_DEPLOYMENT_TARGET = 18.0;
				LD_RUNPATH_SEARCH_PATHS = (
					"$(inherited)",
					"@executable_path/Frameworks",
				);
				LIBRARY_SEARCH_PATHS = "$(inherited)";
				MARKETING_VERSION = 1.0;
				OTHER_SWIFT_FLAGS = "";
				PRODUCT_BUNDLE_IDENTIFIER = dev.stabenow.ios.iRPC;
				PRODUCT_NAME = "$(TARGET_NAME)";
				SDKROOT = iphoneos;
				SWIFT_EMIT_LOC_STRINGS = YES;
				SWIFT_VERSION = 5.0;
				TARGETED_DEVICE_FAMILY = "1,2";
				VALIDATE_PRODUCT = YES;
			};
			name = Release;
		};
		3A7B0DE62DCD1C90003A9644 /* Debug */ = {
			isa = XCBuildConfiguration;
			buildSettings = {
				BUNDLE_LOADER = "$(TEST_HOST)";
				CODE_SIGN_STYLE = Automatic;
				CURRENT_PROJECT_VERSION = 1;
				DEVELOPMENT_TEAM = F2VS4PRAT5;
				GENERATE_INFOPLIST_FILE = YES;
				IPHONEOS_DEPLOYMENT_TARGET = 18.4;
				MARKETING_VERSION = 1.0;
				PRODUCT_BUNDLE_IDENTIFIER = dev.stabenow.ios.iRPCTests;
				PRODUCT_NAME = "$(TARGET_NAME)";
				SDKROOT = iphoneos;
				SWIFT_EMIT_LOC_STRINGS = NO;
				SWIFT_VERSION = 5.0;
				TARGETED_DEVICE_FAMILY = "1,2";
				TEST_HOST = "$(BUILT_PRODUCTS_DIR)/iRPC.app/$(BUNDLE_EXECUTABLE_FOLDER_PATH)/iRPC";
			};
			name = Debug;
		};
		3A7B0DE72DCD1C90003A9644 /* Release */ = {
			isa = XCBuildConfiguration;
			buildSettings = {
				BUNDLE_LOADER = "$(TEST_HOST)";
				CODE_SIGN_STYLE = Automatic;
				CURRENT_PROJECT_VERSION = 1;
				DEVELOPMENT_TEAM = F2VS4PRAT5;
				GENERATE_INFOPLIST_FILE = YES;
				IPHONEOS_DEPLOYMENT_TARGET = 18.4;
				MARKETING_VERSION = 1.0;
				PRODUCT_BUNDLE_IDENTIFIER = dev.stabenow.ios.iRPCTests;
				PRODUCT_NAME = "$(TARGET_NAME)";
				SDKROOT = iphoneos;
				SWIFT_EMIT_LOC_STRINGS = NO;
				SWIFT_VERSION = 5.0;
				TARGETED_DEVICE_FAMILY = "1,2";
				TEST_HOST = "$(BUILT_PRODUCTS_DIR)/iRPC.app/$(BUNDLE_EXECUTABLE_FOLDER_PATH)/iRPC";
				VALIDATE_PRODUCT = YES;
			};
			name = Release;
		};
		3A7B0DE82DCD1C90003A9644 /* Debug */ = {
			isa = XCBuildConfiguration;
			buildSettings = {
				CODE_SIGN_STYLE = Automatic;
				CURRENT_PROJECT_VERSION = 1;
				DEVELOPMENT_TEAM = F2VS4PRAT5;
				GENERATE_INFOPLIST_FILE = YES;
				IPHONEOS_DEPLOYMENT_TARGET = 18.4;
				MARKETING_VERSION = 1.0;
				PRODUCT_BUNDLE_IDENTIFIER = dev.stabenow.ios.iRPCTests;
				PRODUCT_NAME = "$(TARGET_NAME)";
				SDKROOT = iphoneos;
				SWIFT_EMIT_LOC_STRINGS = NO;
				SWIFT_VERSION = 5.0;
				TARGETED_DEVICE_FAMILY = "1,2";
				TEST_TARGET_NAME = iRPC;
			};
			name = Debug;
		};
		3A7B0DE92DCD1C90003A9644 /* Release */ = {
			isa = XCBuildConfiguration;
			buildSettings = {
				CODE_SIGN_STYLE = Automatic;
				CURRENT_PROJECT_VERSION = 1;
				DEVELOPMENT_TEAM = F2VS4PRAT5;
				GENERATE_INFOPLIST_FILE = YES;
				IPHONEOS_DEPLOYMENT_TARGET = 18.4;
				MARKETING_VERSION = 1.0;
				PRODUCT_BUNDLE_IDENTIFIER = dev.stabenow.ios.iRPCTests;
				PRODUCT_NAME = "$(TARGET_NAME)";
				SDKROOT = iphoneos;
				SWIFT_EMIT_LOC_STRINGS = NO;
				SWIFT_VERSION = 5.0;
				TARGETED_DEVICE_FAMILY = "1,2";
				TEST_TARGET_NAME = iRPC;
				VALIDATE_PRODUCT = YES;
			};
			name = Release;
		};
		F4BE1C3B2DC94AD6009B622C /* Debug */ = {
			isa = XCBuildConfiguration;
			buildSettings = {
				ALWAYS_SEARCH_USER_PATHS = NO;
				ASSETCATALOG_COMPILER_GENERATE_SWIFT_ASSET_SYMBOL_EXTENSIONS = YES;
				CLANG_ANALYZER_NONNULL = YES;
				CLANG_ANALYZER_NUMBER_OBJECT_CONVERSION = YES_AGGRESSIVE;
				CLANG_CXX_LANGUAGE_STANDARD = "gnu++20";
				CLANG_ENABLE_MODULES = YES;
				CLANG_ENABLE_OBJC_ARC = YES;
				CLANG_ENABLE_OBJC_WEAK = YES;
				CLANG_WARN_BLOCK_CAPTURE_AUTORELEASING = YES;
				CLANG_WARN_BOOL_CONVERSION = YES;
				CLANG_WARN_COMMA = YES;
				CLANG_WARN_CONSTANT_CONVERSION = YES;
				CLANG_WARN_DEPRECATED_OBJC_IMPLEMENTATIONS = YES;
				CLANG_WARN_DIRECT_OBJC_ISA_USAGE = YES_ERROR;
				CLANG_WARN_DOCUMENTATION_COMMENTS = YES;
				CLANG_WARN_EMPTY_BODY = YES;
				CLANG_WARN_ENUM_CONVERSION = YES;
				CLANG_WARN_INFINITE_RECURSION = YES;
				CLANG_WARN_INT_CONVERSION = YES;
				CLANG_WARN_NON_LITERAL_NULL_CONVERSION = YES;
				CLANG_WARN_OBJC_IMPLICIT_RETAIN_SELF = YES;
				CLANG_WARN_OBJC_LITERAL_CONVERSION = YES;
				CLANG_WARN_OBJC_ROOT_CLASS = YES_ERROR;
				CLANG_WARN_QUOTED_INCLUDE_IN_FRAMEWORK_HEADER = YES;
				CLANG_WARN_RANGE_LOOP_ANALYSIS = YES;
				CLANG_WARN_STRICT_PROTOTYPES = YES;
				CLANG_WARN_SUSPICIOUS_MOVE = YES;
				CLANG_WARN_UNGUARDED_AVAILABILITY = YES_AGGRESSIVE;
				CLANG_WARN_UNREACHABLE_CODE = YES;
				CLANG_WARN__DUPLICATE_METHOD_MATCH = YES;
				COPY_PHASE_STRIP = NO;
				DEAD_CODE_STRIPPING = YES;
				DEBUG_INFORMATION_FORMAT = dwarf;
				DEVELOPMENT_TEAM = F2VS4PRAT5;
				ENABLE_STRICT_OBJC_MSGSEND = YES;
				ENABLE_TESTABILITY = YES;
				ENABLE_USER_SCRIPT_SANDBOXING = YES;
				GCC_C_LANGUAGE_STANDARD = gnu17;
				GCC_DYNAMIC_NO_PIC = NO;
				GCC_NO_COMMON_BLOCKS = YES;
				GCC_OPTIMIZATION_LEVEL = 0;
				GCC_PREPROCESSOR_DEFINITIONS = (
					"DEBUG=1",
					"$(inherited)",
				);
				GCC_WARN_64_TO_32_BIT_CONVERSION = YES;
				GCC_WARN_ABOUT_RETURN_TYPE = YES_ERROR;
				GCC_WARN_UNDECLARED_SELECTOR = YES;
				GCC_WARN_UNINITIALIZED_AUTOS = YES_AGGRESSIVE;
				GCC_WARN_UNUSED_FUNCTION = YES;
				GCC_WARN_UNUSED_VARIABLE = YES;
				LOCALIZATION_PREFERS_STRING_CATALOGS = YES;
				MACOSX_DEPLOYMENT_TARGET = 15.4;
				MTL_ENABLE_DEBUG_INFO = INCLUDE_SOURCE;
				MTL_FAST_MATH = YES;
				ONLY_ACTIVE_ARCH = YES;
				SDKROOT = macosx;
				STRING_CATALOG_GENERATE_SYMBOLS = YES;
				SWIFT_ACTIVE_COMPILATION_CONDITIONS = "DEBUG $(inherited)";
				SWIFT_OPTIMIZATION_LEVEL = "-Onone";
			};
			name = Debug;
		};
		F4BE1C3C2DC94AD6009B622C /* Release */ = {
			isa = XCBuildConfiguration;
			buildSettings = {
				ALWAYS_SEARCH_USER_PATHS = NO;
				ASSETCATALOG_COMPILER_GENERATE_SWIFT_ASSET_SYMBOL_EXTENSIONS = YES;
				CLANG_ANALYZER_NONNULL = YES;
				CLANG_ANALYZER_NUMBER_OBJECT_CONVERSION = YES_AGGRESSIVE;
				CLANG_CXX_LANGUAGE_STANDARD = "gnu++20";
				CLANG_ENABLE_MODULES = YES;
				CLANG_ENABLE_OBJC_ARC = YES;
				CLANG_ENABLE_OBJC_WEAK = YES;
				CLANG_WARN_BLOCK_CAPTURE_AUTORELEASING = YES;
				CLANG_WARN_BOOL_CONVERSION = YES;
				CLANG_WARN_COMMA = YES;
				CLANG_WARN_CONSTANT_CONVERSION = YES;
				CLANG_WARN_DEPRECATED_OBJC_IMPLEMENTATIONS = YES;
				CLANG_WARN_DIRECT_OBJC_ISA_USAGE = YES_ERROR;
				CLANG_WARN_DOCUMENTATION_COMMENTS = YES;
				CLANG_WARN_EMPTY_BODY = YES;
				CLANG_WARN_ENUM_CONVERSION = YES;
				CLANG_WARN_INFINITE_RECURSION = YES;
				CLANG_WARN_INT_CONVERSION = YES;
				CLANG_WARN_NON_LITERAL_NULL_CONVERSION = YES;
				CLANG_WARN_OBJC_IMPLICIT_RETAIN_SELF = YES;
				CLANG_WARN_OBJC_LITERAL_CONVERSION = YES;
				CLANG_WARN_OBJC_ROOT_CLASS = YES_ERROR;
				CLANG_WARN_QUOTED_INCLUDE_IN_FRAMEWORK_HEADER = YES;
				CLANG_WARN_RANGE_LOOP_ANALYSIS = YES;
				CLANG_WARN_STRICT_PROTOTYPES = YES;
				CLANG_WARN_SUSPICIOUS_MOVE = YES;
				CLANG_WARN_UNGUARDED_AVAILABILITY = YES_AGGRESSIVE;
				CLANG_WARN_UNREACHABLE_CODE = YES;
				CLANG_WARN__DUPLICATE_METHOD_MATCH = YES;
				COPY_PHASE_STRIP = NO;
				DEAD_CODE_STRIPPING = YES;
				DEBUG_INFORMATION_FORMAT = "dwarf-with-dsym";
				DEVELOPMENT_TEAM = F2VS4PRAT5;
				ENABLE_NS_ASSERTIONS = NO;
				ENABLE_STRICT_OBJC_MSGSEND = YES;
				ENABLE_USER_SCRIPT_SANDBOXING = YES;
				GCC_C_LANGUAGE_STANDARD = gnu17;
				GCC_NO_COMMON_BLOCKS = YES;
				GCC_WARN_64_TO_32_BIT_CONVERSION = YES;
				GCC_WARN_ABOUT_RETURN_TYPE = YES_ERROR;
				GCC_WARN_UNDECLARED_SELECTOR = YES;
				GCC_WARN_UNINITIALIZED_AUTOS = YES_AGGRESSIVE;
				GCC_WARN_UNUSED_FUNCTION = YES;
				GCC_WARN_UNUSED_VARIABLE = YES;
				LOCALIZATION_PREFERS_STRING_CATALOGS = YES;
				MACOSX_DEPLOYMENT_TARGET = 15.4;
				MTL_ENABLE_DEBUG_INFO = NO;
				MTL_FAST_MATH = YES;
				SDKROOT = macosx;
				STRING_CATALOG_GENERATE_SYMBOLS = YES;
				SWIFT_COMPILATION_MODE = wholemodule;
			};
			name = Release;
		};
/* End XCBuildConfiguration section */

/* Begin XCConfigurationList section */
		3A7B0DEB2DCD1C90003A9644 /* Build configuration list for PBXNativeTarget "iRPC" */ = {
			isa = XCConfigurationList;
			buildConfigurations = (
				3A7B0DE42DCD1C90003A9644 /* Debug */,
				3A7B0DE52DCD1C90003A9644 /* Release */,
			);
			defaultConfigurationIsVisible = 0;
			defaultConfigurationName = Release;
		};
		3A7B0DEC2DCD1C90003A9644 /* Build configuration list for PBXNativeTarget "iRPC Tests" */ = {
			isa = XCConfigurationList;
			buildConfigurations = (
				3A7B0DE62DCD1C90003A9644 /* Debug */,
				3A7B0DE72DCD1C90003A9644 /* Release */,
			);
			defaultConfigurationIsVisible = 0;
			defaultConfigurationName = Release;
		};
		3A7B0DED2DCD1C90003A9644 /* Build configuration list for PBXNativeTarget "iRPC UITests" */ = {
			isa = XCConfigurationList;
			buildConfigurations = (
				3A7B0DE82DCD1C90003A9644 /* Debug */,
				3A7B0DE92DCD1C90003A9644 /* Release */,
			);
			defaultConfigurationIsVisible = 0;
			defaultConfigurationName = Release;
		};
		F4BE1C2C2DC94AD5009B622C /* Build configuration list for PBXProject "iRPC" */ = {
			isa = XCConfigurationList;
			buildConfigurations = (
				F4BE1C3B2DC94AD6009B622C /* Debug */,
				F4BE1C3C2DC94AD6009B622C /* Release */,
			);
			defaultConfigurationIsVisible = 0;
			defaultConfigurationName = Release;
		};
/* End XCConfigurationList section */

/* Begin XCRemoteSwiftPackageReference section */
		3A4B2FD02DCE6FDF006DFDDA /* XCRemoteSwiftPackageReference "MusadoraKit" */ = {
			isa = XCRemoteSwiftPackageReference;
			repositoryURL = "https://github.com/rryam/MusadoraKit";
			requirement = {
				kind = upToNextMajorVersion;
				minimumVersion = 6.1.0;
			};
		};
		3AC1BE712DD278C500CF3D2C /* XCRemoteSwiftPackageReference "NowPlayingKit" */ = {
			isa = XCRemoteSwiftPackageReference;
			repositoryURL = "https://github.com/itoolio/NowPlayingKit";
			requirement = {
				branch = main;
				kind = branch;
			};
		};
		3AD92A7C2DD39FD100CCE9E4 /* XCRemoteSwiftPackageReference "DiscordSocialKit" */ = {
			isa = XCRemoteSwiftPackageReference;
			repositoryURL = "https://github.com/itoolio/DiscordSocialKit";
			requirement = {
				branch = main;
				kind = branch;
			};
		};
		F480CA2D2DDB9A39002493DD /* XCRemoteSwiftPackageReference "ScrobbleKit" */ = {
			isa = XCRemoteSwiftPackageReference;
			repositoryURL = "https://github.com/tfmart/ScrobbleKit";
			requirement = {
				kind = upToNextMajorVersion;
				minimumVersion = 1.1.1;
			};
		};
		F4BE1C4E2DC94B49009B622C /* XCRemoteSwiftPackageReference "LaunchAtLogin-Modern" */ = {
			isa = XCRemoteSwiftPackageReference;
			repositoryURL = "https://github.com/sindresorhus/LaunchAtLogin-Modern";
			requirement = {
				kind = exactVersion;
				version = 1.1.0;
			};
		};
/* End XCRemoteSwiftPackageReference section */

/* Begin XCSwiftPackageProductDependency section */
		3A4B2FD12DCE6FDF006DFDDA /* MusadoraKit */ = {
			isa = XCSwiftPackageProductDependency;
			package = 3A4B2FD02DCE6FDF006DFDDA /* XCRemoteSwiftPackageReference "MusadoraKit" */;
			productName = MusadoraKit;
		};
		3AC1BE722DD278C500CF3D2C /* NowPlayingKit */ = {
			isa = XCSwiftPackageProductDependency;
			package = 3AC1BE712DD278C500CF3D2C /* XCRemoteSwiftPackageReference "NowPlayingKit" */;
			productName = NowPlayingKit;
		};
		3AD92A7D2DD39FD100CCE9E4 /* DiscordSocialKit */ = {
			isa = XCSwiftPackageProductDependency;
			package = 3AD92A7C2DD39FD100CCE9E4 /* XCRemoteSwiftPackageReference "DiscordSocialKit" */;
			productName = DiscordSocialKit;
		};
		F480CA2E2DDB9A39002493DD /* ScrobbleKit */ = {
			isa = XCSwiftPackageProductDependency;
			package = F480CA2D2DDB9A39002493DD /* XCRemoteSwiftPackageReference "ScrobbleKit" */;
			productName = ScrobbleKit;
		};
/* End XCSwiftPackageProductDependency section */
	};
	rootObject = F4BE1C292DC94AD5009B622C /* Project object */;
}
